
Microsoft Visual Studio Solution File, Format Version 12.00
# Visual Studio Version 17
VisualStudioVersion = 17.9.34616.47
MinimumVisualStudioVersion = 10.0.40219.1
Project("{9A19103F-16F7-4668-BE54-9A1E7A4F7556}") = "UberApi", "UberApi\UberApi.csproj", "{9A879DAB-6A72-4212-AAE5-94C97DB4F111}"
EndProject
Project("{FAE04EC0-301F-11D3-BF4B-00C04F79EFBC}") = "UberApi.Tests", "UberApi.Tests\UberApi.Tests.csproj", "{669159FA-734F-4160-8256-4B2E3212EFAF}"
EndProject
Global
	GlobalSection(SolutionConfigurationPlatforms) = preSolution
		Debug|Any CPU = Debug|Any CPU
		Release|Any CPU = Release|Any CPU
	EndGlobalSection
	GlobalSection(ProjectConfigurationPlatforms) = postSolution
		{9A879DAB-6A72-4212-AAE5-94C97DB4F111}.Debug|Any CPU.ActiveCfg = Debug|Any CPU
		{9A879DAB-6A72-4212-AAE5-94C97DB4F111}.Debug|Any CPU.Build.0 = Debug|Any CPU
		{9A879DAB-6A72-4212-AAE5-94C97DB4F111}.Release|Any CPU.ActiveCfg = Release|Any CPU
		{9A879DAB-6A72-4212-AAE5-94C97DB4F111}.Release|Any CPU.Build.0 = Release|Any CPU
		{669159FA-734F-4160-8256-4B2E3212EFAF}.Debug|Any CPU.ActiveCfg = Debug|Any CPU
		{669159FA-734F-4160-8256-4B2E3212EFAF}.Debug|Any CPU.Build.0 = Debug|Any CPU
		{669159FA-734F-4160-8256-4B2E3212EFAF}.Release|Any CPU.ActiveCfg = Release|Any CPU
		{669159FA-734F-4160-8256-4B2E3212EFAF}.Release|Any CPU.Build.0 = Release|Any CPU
	EndGlobalSection
	GlobalSection(SolutionProperties) = preSolution
		HideSolutionNode = FALSE
	EndGlobalSection
	GlobalSection(ExtensibilityGlobals) = postSolution
		SolutionGuid = {274E2B66-8F44-492C-AB24-A4063A58E051}
	EndGlobalSection
EndGlobal
